// !$*UTF8*$!
{
	archiveVersion = 1;
	classes = {
	};
	objectVersion = 46;
	objects = {

/* Begin PBXBuildFile section */
		BE00C32019CFB3C200365052 /* AppDelegate.swift in Sources */ = {isa = PBXBuildFile; fileRef = BE00C31F19CFB3C200365052 /* AppDelegate.swift */; };
		BE00C32219CFB3C200365052 /* ViewController.swift in Sources */ = {isa = PBXBuildFile; fileRef = BE00C32119CFB3C200365052 /* ViewController.swift */; };
		BE00C32519CFB3C200365052 /* Main.storyboard in Resources */ = {isa = PBXBuildFile; fileRef = BE00C32319CFB3C200365052 /* Main.storyboard */; };
		BE00C32719CFB3C200365052 /* Images.xcassets in Resources */ = {isa = PBXBuildFile; fileRef = BE00C32619CFB3C200365052 /* Images.xcassets */; };
		BE00C32A19CFB3C200365052 /* LaunchScreen.xib in Resources */ = {isa = PBXBuildFile; fileRef = BE00C32819CFB3C200365052 /* LaunchScreen.xib */; };
		BE00C33619CFB3C300365052 /* _9RedBalloonsTests.swift in Sources */ = {isa = PBXBuildFile; fileRef = BE00C33519CFB3C300365052 /* _9RedBalloonsTests.swift */; };
/* End PBXBuildFile section */

/* Begin PBXContainerItemProxy section */
		BE00C33019CFB3C300365052 /* PBXContainerItemProxy */ = {
			isa = PBXContainerItemProxy;
			containerPortal = BE00C31219CFB3C200365052 /* Project object */;
			proxyType = 1;
			remoteGlobalIDString = BE00C31919CFB3C200365052;
			remoteInfo = 99RedBalloons;
		};
/* End PBXContainerItemProxy section */

/* Begin PBXFileReference section */
		BE00C31A19CFB3C200365052 /* 99RedBalloons.app */ = {isa = PBXFileReference; explicitFileType = wrapper.application; includeInIndex = 0; path = 99RedBalloons.app; sourceTree = BUILT_PRODUCTS_DIR; };
		BE00C31E19CFB3C200365052 /* Info.plist */ = {isa = PBXFileReference; lastKnownFileType = text.plist.xml; path = Info.plist; sourceTree = "<group>"; };
		BE00C31F19CFB3C200365052 /* AppDelegate.swift */ = {isa = PBXFileReference; lastKnownFileType = sourcecode.swift; path = AppDelegate.swift; sourceTree = "<group>"; };
		BE00C32119CFB3C200365052 /* ViewController.swift */ = {isa = PBXFileReference; lastKnownFileType = sourcecode.swift; path = ViewController.swift; sourceTree = "<group>"; };
		BE00C32419CFB3C200365052 /* Base */ = {isa = PBXFileReference; lastKnownFileType = file.storyboard; name = Base; path = Base.lproj/Main.storyboard; sourceTree = "<group>"; };
		BE00C32619CFB3C200365052 /* Images.xcassets */ = {isa = PBXFileReference; lastKnownFileType = folder.assetcatalog; path = Images.xcassets; sourceTree = "<group>"; };
		BE00C32919CFB3C200365052 /* Base */ = {isa = PBXFileReference; lastKnownFileType = file.xib; name = Base; path = Base.lproj/LaunchScreen.xib; sourceTree = "<group>"; };
		BE00C32F19CFB3C300365052 /* 99RedBalloonsTests.xctest */ = {isa = PBXFileReference; explicitFileType = wrapper.cfbundle; includeInIndex = 0; path = 99RedBalloonsTests.xctest; sourceTree = BUILT_PRODUCTS_DIR; };
		BE00C33419CFB3C300365052 /* Info.plist */ = {isa = PBXFileReference; lastKnownFileType = text.plist.xml; path = Info.plist; sourceTree = "<group>"; };
		BE00C33519CFB3C300365052 /* _9RedBalloonsTests.swift */ = {isa = PBXFileReference; lastKnownFileType = sourcecode.swift; path = _9RedBalloonsTests.swift; sourceTree = "<group>"; };
		BE00C33F19CFB47200365052 /* README.md */ = {isa = PBXFileReference; lastKnownFileType = net.daringfireball.markdown; path = README.md; sourceTree = "<group>"; };
/* End PBXFileReference section */

/* Begin PBXFrameworksBuildPhase section */
		BE00C31719CFB3C200365052 /* Frameworks */ = {
			isa = PBXFrameworksBuildPhase;
			buildActionMask = 2147483647;
			files = (
			);
			runOnlyForDeploymentPostprocessing = 0;
		};
		BE00C32C19CFB3C300365052 /* Frameworks */ = {
			isa = PBXFrameworksBuildPhase;
			buildActionMask = 2147483647;
			files = (
			);
			runOnlyForDeploymentPostprocessing = 0;
		};
/* End PBXFrameworksBuildPhase section */

/* Begin PBXGroup section */
		BE00C31119CFB3C200365052 = {
			isa = PBXGroup;
			children = (
				BE00C33F19CFB47200365052 /* README.md */,
				BE00C31C19CFB3C200365052 /* 99RedBalloons */,
				BE00C33219CFB3C300365052 /* 99RedBalloonsTests */,
				BE00C31B19CFB3C200365052 /* Products */,
			);
			sourceTree = "<group>";
		};
		BE00C31B19CFB3C200365052 /* Products */ = {
			isa = PBXGroup;
			children = (
				BE00C31A19CFB3C200365052 /* 99RedBalloons.app */,
				BE00C32F19CFB3C300365052 /* 99RedBalloonsTests.xctest */,
			);
			name = Products;
			sourceTree = "<group>";
		};
		BE00C31C19CFB3C200365052 /* 99RedBalloons */ = {
			isa = PBXGroup;
			children = (
				BE00C31F19CFB3C200365052 /* AppDelegate.swift */,
				BE00C32119CFB3C200365052 /* ViewController.swift */,
				BE00C32319CFB3C200365052 /* Main.storyboard */,
				BE00C32619CFB3C200365052 /* Images.xcassets */,
				BE00C32819CFB3C200365052 /* LaunchScreen.xib */,
				BE00C31D19CFB3C200365052 /* Supporting Files */,
			);
			path = 99RedBalloons;
			sourceTree = "<group>";
		};
		BE00C31D19CFB3C200365052 /* Supporting Files */ = {
			isa = PBXGroup;
			children = (
				BE00C31E19CFB3C200365052 /* Info.plist */,
			);
			name = "Supporting Files";
			sourceTree = "<group>";
		};
		BE00C33219CFB3C300365052 /* 99RedBalloonsTests */ = {
			isa = PBXGroup;
			children = (
				BE00C33519CFB3C300365052 /* _9RedBalloonsTests.swift */,
				BE00C33319CFB3C300365052 /* Supporting Files */,
			);
			path = 99RedBalloonsTests;
			sourceTree = "<group>";
		};
		BE00C33319CFB3C300365052 /* Supporting Files */ = {
			isa = PBXGroup;
			children = (
				BE00C33419CFB3C300365052 /* Info.plist */,
			);
			name = "Supporting Files";
			sourceTree = "<group>";
		};
/* End PBXGroup section */

/* Begin PBXNativeTarget section */
		BE00C31919CFB3C200365052 /* 99RedBalloons */ = {
			isa = PBXNativeTarget;
			buildConfigurationList = BE00C33919CFB3C300365052 /* Build configuration list for PBXNativeTarget "99RedBalloons" */;
			buildPhases = (
				BE00C31619CFB3C200365052 /* Sources */,
				BE00C31719CFB3C200365052 /* Frameworks */,
				BE00C31819CFB3C200365052 /* Resources */,
			);
			buildRules = (
			);
			dependencies = (
			);
			name = 99RedBalloons;
			productName = 99RedBalloons;
			productReference = BE00C31A19CFB3C200365052 /* 99RedBalloons.app */;
			productType = "com.apple.product-type.application";
		};
		BE00C32E19CFB3C300365052 /* 99RedBalloonsTests */ = {
			isa = PBXNativeTarget;
			buildConfigurationList = BE00C33C19CFB3C300365052 /* Build configuration list for PBXNativeTarget "99RedBalloonsTests" */;
			buildPhases = (
				BE00C32B19CFB3C300365052 /* Sources */,
				BE00C32C19CFB3C300365052 /* Frameworks */,
				BE00C32D19CFB3C300365052 /* Resources */,
			);
			buildRules = (
			);
			dependencies = (
				BE00C33119CFB3C300365052 /* PBXTargetDependency */,
			);
			name = 99RedBalloonsTests;
			productName = 99RedBalloonsTests;
			productReference = BE00C32F19CFB3C300365052 /* 99RedBalloonsTests.xctest */;
			productType = "com.apple.product-type.bundle.unit-test";
		};
/* End PBXNativeTarget section */

/* Begin PBXProject section */
		BE00C31219CFB3C200365052 /* Project object */ = {
			isa = PBXProject;
			attributes = {
				LastUpgradeCheck = 0600;
				ORGANIZATIONNAME = "Kenneth Wilcox";
				TargetAttributes = {
					BE00C31919CFB3C200365052 = {
						CreatedOnToolsVersion = 6.1;
					};
					BE00C32E19CFB3C300365052 = {
						CreatedOnToolsVersion = 6.1;
						TestTargetID = BE00C31919CFB3C200365052;
					};
				};
			};
			buildConfigurationList = BE00C31519CFB3C200365052 /* Build configuration list for PBXProject "99RedBalloons" */;
			compatibilityVersion = "Xcode 3.2";
			developmentRegion = English;
			hasScannedForEncodings = 0;
			knownRegions = (
				en,
				Base,
			);
			mainGroup = BE00C31119CFB3C200365052;
			productRefGroup = BE00C31B19CFB3C200365052 /* Products */;
			projectDirPath = "";
			projectRoot = "";
			targets = (
				BE00C31919CFB3C200365052 /* 99RedBalloons */,
				BE00C32E19CFB3C300365052 /* 99RedBalloonsTests */,
			);
		};
/* End PBXProject section */

/* Begin PBXResourcesBuildPhase section */
		BE00C31819CFB3C200365052 /* Resources */ = {
			isa = PBXResourcesBuildPhase;
			buildActionMask = 2147483647;
			files = (
				BE00C32519CFB3C200365052 /* Main.storyboard in Resources */,
				BE00C32A19CFB3C200365052 /* LaunchScreen.xib in Resources */,
				BE00C32719CFB3C200365052 /* Images.xcassets in Resources */,
			);
			runOnlyForDeploymentPostprocessing = 0;
		};
		BE00C32D19CFB3C300365052 /* Resources */ = {
			isa = PBXResourcesBuildPhase;
			buildActionMask = 2147483647;
			files = (
			);
			runOnlyForDeploymentPostprocessing = 0;
		};
/* End PBXResourcesBuildPhase section */

/* Begin PBXSourcesBuildPhase section */
		BE00C31619CFB3C200365052 /* Sources */ = {
			isa = PBXSourcesBuildPhase;
			buildActionMask = 2147483647;
			files = (
				BE00C32219CFB3C200365052 /* ViewController.swift in Sources */,
				BE00C32019CFB3C200365052 /* AppDelegate.swift in Sources */,
			);
			runOnlyForDeploymentPostprocessing = 0;
		};
		BE00C32B19CFB3C300365052 /* Sources */ = {
			isa = PBXSourcesBuildPhase;
			buildActionMask = 2147483647;
			files = (
				BE00C33619CFB3C300365052 /* _9RedBalloonsTests.swift in Sources */,
			);
			runOnlyForDeploymentPostprocessing = 0;
		};
/* End PBXSourcesBuildPhase section */

/* Begin PBXTargetDependency section */
		BE00C33119CFB3C300365052 /* PBXTargetDependency */ = {
			isa = PBXTargetDependency;
			target = BE00C31919CFB3C200365052 /* 99RedBalloons */;
			targetProxy = BE00C33019CFB3C300365052 /* PBXContainerItemProxy */;
		};
/* End PBXTargetDependency section */

/* Begin PBXVariantGroup section */
		BE00C32319CFB3C200365052 /* Main.storyboard */ = {
			isa = PBXVariantGroup;
			children = (
				BE00C32419CFB3C200365052 /* Base */,
			);
			name = Main.storyboard;
			sourceTree = "<group>";
		};
		BE00C32819CFB3C200365052 /* LaunchScreen.xib */ = {
			isa = PBXVariantGroup;
			children = (
				BE00C32919CFB3C200365052 /* Base */,
			);
			name = LaunchScreen.xib;
			sourceTree = "<group>";
		};
/* End PBXVariantGroup section */

/* Begin XCBuildConfiguration section */
		BE00C33719CFB3C300365052 /* Debug */ = {
			isa = XCBuildConfiguration;
			buildSettings = {
				ALWAYS_SEARCH_USER_PATHS = NO;
				CLANG_CXX_LANGUAGE_STANDARD = "gnu++0x";
				CLANG_CXX_LIBRARY = "libc++";
				CLANG_ENABLE_MODULES = YES;
				CLANG_ENABLE_OBJC_ARC = YES;
				CLANG_WARN_BOOL_CONVERSION = YES;
				CLANG_WARN_CONSTANT_CONVERSION = YES;
				CLANG_WARN_DIRECT_OBJC_ISA_USAGE = YES_ERROR;
				CLANG_WARN_EMPTY_BODY = YES;
				CLANG_WARN_ENUM_CONVERSION = YES;
				CLANG_WARN_INT_CONVERSION = YES;
				CLANG_WARN_OBJC_ROOT_CLASS = YES_ERROR;
				CLANG_WARN_UNREACHABLE_CODE = YES;
				CLANG_WARN__DUPLICATE_METHOD_MATCH = YES;
				"CODE_SIGN_IDENTITY[sdk=iphoneos*]" = "iPhone Developer";
				COPY_PHASE_STRIP = NO;
				ENABLE_STRICT_OBJC_MSGSEND = YES;
				GCC_C_LANGUAGE_STANDARD = gnu99;
				GCC_DYNAMIC_NO_PIC = NO;
				GCC_OPTIMIZATION_LEVEL = 0;
				GCC_PREPROCESSOR_DEFINITIONS = (
					"DEBUG=1",
					"$(inherited)",
				);
				GCC_SYMBOLS_PRIVATE_EXTERN = NO;
				GCC_WARN_64_TO_32_BIT_CONVERSION = YES;
				GCC_WARN_ABOUT_RETURN_TYPE = YES_ERROR;
				GCC_WARN_UNDECLARED_SELECTOR = YES;
				GCC_WARN_UNINITIALIZED_AUTOS = YES_AGGRESSIVE;
				GCC_WARN_UNUSED_FUNCTION = YES;
				GCC_WARN_UNUSED_VARIABLE = YES;
				IPHONEOS_DEPLOYMENT_TARGET = 8.0;
				MTL_ENABLE_DEBUG_INFO = YES;
				ONLY_ACTIVE_ARCH = YES;
				SDKROOT = iphoneos;
				SWIFT_OPTIMIZATION_LEVEL = "-Onone";
			};
			name = Debug;
		};
		BE00C33819CFB3C300365052 /* Release */ = {
			isa = XCBuildConfiguration;
			buildSettings = {
				ALWAYS_SEARCH_USER_PATHS = NO;
				CLANG_CXX_LANGUAGE_STANDARD = "gnu++0x";
				CLANG_CXX_LIBRARY = "libc++";
				CLANG_ENABLE_MODULES = YES;
				CLANG_ENABLE_OBJC_ARC = YES;
				CLANG_WARN_BOOL_CONVERSION = YES;
				CLANG_WARN_CONSTANT_CONVERSION = YES;
				CLANG_WARN_DIRECT_OBJC_ISA_USAGE = YES_ERROR;
				CLANG_WARN_EMPTY_BODY = YES;
				CLANG_WARN_ENUM_CONVERSION = YES;
				CLANG_WARN_INT_CONVERSION = YES;
				CLANG_WARN_OBJC_ROOT_CLASS = YES_ERROR;
				CLANG_WARN_UNREACHABLE_CODE = YES;
				CLANG_WARN__DUPLICATE_METHOD_MATCH = YES;
				"CODE_SIGN_IDENTITY[sdk=iphoneos*]" = "iPhone Developer";
				COPY_PHASE_STRIP = YES;
				ENABLE_NS_ASSERTIONS = NO;
				ENABLE_STRICT_OBJC_MSGSEND = YES;
				GCC_C_LANGUAGE_STANDARD = gnu99;
				GCC_WARN_64_TO_32_BIT_CONVERSION = YES;
				GCC_WARN_ABOUT_RETURN_TYPE = YES_ERROR;
				GCC_WARN_UNDECLARED_SELECTOR = YES;
				GCC_WARN_UNINITIALIZED_AUTOS = YES_AGGRESSIVE;
				GCC_WARN_UNUSED_FUNCTION = YES;
				GCC_WARN_UNUSED_VARIABLE = YES;
				IPHONEOS_DEPLOYMENT_TARGET = 8.0;
				MTL_ENABLE_DEBUG_INFO = NO;
				SDKROOT = iphoneos;
				VALIDATE_PRODUCT = YES;
			};
			name = Release;
		};
		BE00C33A19CFB3C300365052 /* Debug */ = {
			isa = XCBuildConfiguration;
			buildSettings = {
				ASSETCATALOG_COMPILER_APPICON_NAME = AppIcon;
				INFOPLIST_FILE = 99RedBalloons/Info.plist;
				LD_RUNPATH_SEARCH_PATHS = "$(inherited) @executable_path/Frameworks";
				PRODUCT_NAME = "$(TARGET_NAME)";
			};
			name = Debug;
		};
		BE00C33B19CFB3C300365052 /* Release */ = {
			isa = XCBuildConfiguration;
			buildSettings = {
				ASSETCATALOG_COMPILER_APPICON_NAME = AppIcon;
				INFOPLIST_FILE = 99RedBalloons/Info.plist;
				LD_RUNPATH_SEARCH_PATHS = "$(inherited) @executable_path/Frameworks";
				PRODUCT_NAME = "$(TARGET_NAME)";
			};
			name = Release;
		};
		BE00C33D19CFB3C300365052 /* Debug */ = {
			isa = XCBuildConfiguration;
			buildSettings = {
				BUNDLE_LOADER = "$(TEST_HOST)";
				FRAMEWORK_SEARCH_PATHS = (
					"$(SDKROOT)/Developer/Library/Frameworks",
					"$(inherited)",
				);
				GCC_PREPROCESSOR_DEFINITIONS = (
					"DEBUG=1",
					"$(inherited)",
				);
				INFOPLIST_FILE = 99RedBalloonsTests/Info.plist;
				LD_RUNPATH_SEARCH_PATHS = "$(inherited) @executable_path/Frameworks @loader_path/Frameworks";
				PRODUCT_NAME = "$(TARGET_NAME)";
				TEST_HOST = "$(BUILT_PRODUCTS_DIR)/99RedBalloons.app/99RedBalloons";
			};
			name = Debug;
		};
		BE00C33E19CFB3C300365052 /* Release */ = {
			isa = XCBuildConfiguration;
			buildSettings = {
				BUNDLE_LOADER = "$(TEST_HOST)";
				FRAMEWORK_SEARCH_PATHS = (
					"$(SDKROOT)/Developer/Library/Frameworks",
					"$(inherited)",
				);
				INFOPLIST_FILE = 99RedBalloonsTests/Info.plist;
				LD_RUNPATH_SEARCH_PATHS = "$(inherited) @executable_path/Frameworks @loader_path/Frameworks";
				PRODUCT_NAME = "$(TARGET_NAME)";
				TEST_HOST = "$(BUILT_PRODUCTS_DIR)/99RedBalloons.app/99RedBalloons";
			};
			name = Release;
		};
/* End XCBuildConfiguration section */

/* Begin XCConfigurationList section */
		BE00C31519CFB3C200365052 /* Build configuration list for PBXProject "99RedBalloons" */ = {
			isa = XCConfigurationList;
			buildConfigurations = (
				BE00C33719CFB3C300365052 /* Debug */,
				BE00C33819CFB3C300365052 /* Release */,
			);
			defaultConfigurationIsVisible = 0;
			defaultConfigurationName = Release;
		};
		BE00C33919CFB3C300365052 /* Build configuration list for PBXNativeTarget "99RedBalloons" */ = {
			isa = XCConfigurationList;
			buildConfigurations = (
				BE00C33A19CFB3C300365052 /* Debug */,
				BE00C33B19CFB3C300365052 /* Release */,
			);
			defaultConfigurationIsVisible = 0;
		};
		BE00C33C19CFB3C300365052 /* Build configuration list for PBXNativeTarget "99RedBalloonsTests" */ = {
			isa = XCConfigurationList;
			buildConfigurations = (
				BE00C33D19CFB3C300365052 /* Debug */,
				BE00C33E19CFB3C300365052 /* Release */,
			);
			defaultConfigurationIsVisible = 0;
		};
/* End XCConfigurationList section */
	};
	rootObject = BE00C31219CFB3C200365052 /* Project object */;
}
